{
  "name": "y-lazy-tree",
  "version": "0.0.0",
  "lockfileVersion": 2,
  "requires": true,
  "packages": {
    "": {
      "name": "y-lazy-tree",
      "version": "0.0.0",
      "license": "ISC",
      "dependencies": {
        "nanoid": "^4.0.0",
        "yjs": "^13.5.44"
      },
      "engines": {
        "node": ">=14"
      },
      "peerDependencies": {
        "prettier": ">= 2.0.0"
      }
    },
    "node_modules/isomorphic.js": {
      "version": "0.2.5",
      "resolved": "https://registry.npmjs.org/isomorphic.js/-/isomorphic.js-0.2.5.tgz",
      "integrity": "sha512-PIeMbHqMt4DnUP3MA/Flc0HElYjMXArsw1qwJZcm9sqR8mq3l8NYizFMty0pWwE/tzIGH3EKK5+jes5mAr85yw==",
      "funding": {
        "type": "GitHub Sponsors ❤",
        "url": "https://github.com/sponsors/dmonad"
      }
    },
    "node_modules/lib0": {
      "version": "0.2.58",
      "resolved": "https://registry.npmjs.org/lib0/-/lib0-0.2.58.tgz",
      "integrity": "sha512-6ovqPaYfOKU7GkkVxz/wjMR0zsqmNsISLvH+h9Lx5YNtWDZey69aYsTGXaSVpUPpJ+ZFtIvcZHsTGL3MbwOM8A==",
      "dependencies": {
        "isomorphic.js": "^0.2.4"
      },
      "engines": {
        "node": ">=14"
      },
      "funding": {
        "type": "GitHub Sponsors ❤",
        "url": "https://github.com/sponsors/dmonad"
      }
    },
    "node_modules/nanoid": {
      "version": "4.0.0",
      "resolved": "https://registry.npmjs.org/nanoid/-/nanoid-4.0.0.tgz",
      "integrity": "sha512-IgBP8piMxe/gf73RTQx7hmnhwz0aaEXYakvqZyE302IXW3HyVNhdNGC+O2MwMAVhLEnvXlvKtGbtJf6wvHihCg==",
      "bin": {
        "nanoid": "bin/nanoid.js"
      },
      "engines": {
        "node": "^14 || ^16 || >=18"
      }
    },
    "node_modules/prettier": {
      "version": "2.8.2",
      "resolved": "https://registry.npmjs.org/prettier/-/prettier-2.8.2.tgz",
      "integrity": "sha512-BtRV9BcncDyI2tsuS19zzhzoxD8Dh8LiCx7j7tHzrkz8GFXAexeWFdi22mjE1d16dftH2qNaytVxqiRTGlMfpw==",
      "peer": true,
      "bin": {
        "prettier": "bin-prettier.js"
      },
      "engines": {
        "node": ">=10.13.0"
      },
      "funding": {
        "url": "https://github.com/prettier/prettier?sponsor=1"
      }
    },
    "node_modules/yjs": {
      "version": "13.5.44",
      "resolved": "https://registry.npmjs.org/yjs/-/yjs-13.5.44.tgz",
      "integrity": "sha512-UL+abIh2lQonqXfaJ+en7z9eGshpY11j1zNLc2kDYs0vrTjee4gZJUXC3ZsuhP6geQt0IRU04epCGRaVPQAVCA==",
      "dependencies": {
        "lib0": "^0.2.49"
      },
      "funding": {
        "type": "GitHub Sponsors ❤",
        "url": "https://github.com/sponsors/dmonad"
      }
    }
  },
  "dependencies": {
    "isomorphic.js": {
      "version": "0.2.5",
      "resolved": "https://registry.npmjs.org/isomorphic.js/-/isomorphic.js-0.2.5.tgz",
      "integrity": "sha512-PIeMbHqMt4DnUP3MA/Flc0HElYjMXArsw1qwJZcm9sqR8mq3l8NYizFMty0pWwE/tzIGH3EKK5+jes5mAr85yw=="
    },
    "lib0": {
      "version": "0.2.58",
      "resolved": "https://registry.npmjs.org/lib0/-/lib0-0.2.58.tgz",
      "integrity": "sha512-6ovqPaYfOKU7GkkVxz/wjMR0zsqmNsISLvH+h9Lx5YNtWDZey69aYsTGXaSVpUPpJ+ZFtIvcZHsTGL3MbwOM8A==",
      "requires": {
        "isomorphic.js": "^0.2.4"
      }
    },
    "nanoid": {
      "version": "4.0.0",
      "resolved": "https://registry.npmjs.org/nanoid/-/nanoid-4.0.0.tgz",
      "integrity": "sha512-IgBP8piMxe/gf73RTQx7hmnhwz0aaEXYakvqZyE302IXW3HyVNhdNGC+O2MwMAVhLEnvXlvKtGbtJf6wvHihCg=="
    },
    "prettier": {
      "version": "2.8.2",
      "resolved": "https://registry.npmjs.org/prettier/-/prettier-2.8.2.tgz",
      "integrity": "sha512-BtRV9BcncDyI2tsuS19zzhzoxD8Dh8LiCx7j7tHzrkz8GFXAexeWFdi22mjE1d16dftH2qNaytVxqiRTGlMfpw==",
      "peer": true
    },
    "yjs": {
      "version": "13.5.44",
      "resolved": "https://registry.npmjs.org/yjs/-/yjs-13.5.44.tgz",
      "integrity": "sha512-UL+abIh2lQonqXfaJ+en7z9eGshpY11j1zNLc2kDYs0vrTjee4gZJUXC3ZsuhP6geQt0IRU04epCGRaVPQAVCA==",
      "requires": {
        "lib0": "^0.2.49"
      }
    }
  }
}
